// !$*UTF8*$!
{
	archiveVersion = 1;
	classes = {
	};
	objectVersion = 46;
	objects = {

/* Begin PBXBuildFile section */
		1EC8172921BE9B8700332104 /* AppDelegate.swift in Sources */ = {isa = PBXBuildFile; fileRef = 1EC8172821BE9B8700332104 /* AppDelegate.swift */; };
		1EC8172B21BE9B8700332104 /* ViewController.swift in Sources */ = {isa = PBXBuildFile; fileRef = 1EC8172A21BE9B8700332104 /* ViewController.swift */; };
		1EC8172E21BE9B8700332104 /* Main.storyboard in Resources */ = {isa = PBXBuildFile; fileRef = 1EC8172C21BE9B8700332104 /* Main.storyboard */; };
		1EC8173021BE9B8700332104 /* Assets.xcassets in Resources */ = {isa = PBXBuildFile; fileRef = 1EC8172F21BE9B8700332104 /* Assets.xcassets */; };
		1EC8173321BE9B8700332104 /* LaunchScreen.storyboard in Resources */ = {isa = PBXBuildFile; fileRef = 1EC8173121BE9B8700332104 /* LaunchScreen.storyboard */; };
		1EC8173B21BEC02C00332104 /* QuizViewController.swift in Sources */ = {isa = PBXBuildFile; fileRef = 1EC8173A21BEC02C00332104 /* QuizViewController.swift */; };
		1EC8173D21BEC05800332104 /* ResultViewController.swift in Sources */ = {isa = PBXBuildFile; fileRef = 1EC8173C21BEC05800332104 /* ResultViewController.swift */; };
		1EC8173F21BEC33E00332104 /* Quiz.swift in Sources */ = {isa = PBXBuildFile; fileRef = 1EC8173E21BEC33E00332104 /* Quiz.swift */; };
		1EC8174121BEC37300332104 /* QuizManager.swift in Sources */ = {isa = PBXBuildFile; fileRef = 1EC8174021BEC37300332104 /* QuizManager.swift */; };
/* End PBXBuildFile section */

/* Begin PBXFileReference section */
		1EC8172521BE9B8700332104 /* SwiftQuiz.app */ = {isa = PBXFileReference; explicitFileType = wrapper.application; includeInIndex = 0; path = SwiftQuiz.app; sourceTree = BUILT_PRODUCTS_DIR; };
		1EC8172821BE9B8700332104 /* AppDelegate.swift */ = {isa = PBXFileReference; lastKnownFileType = sourcecode.swift; path = AppDelegate.swift; sourceTree = "<group>"; };
		1EC8172A21BE9B8700332104 /* ViewController.swift */ = {isa = PBXFileReference; lastKnownFileType = sourcecode.swift; path = ViewController.swift; sourceTree = "<group>"; };
		1EC8172D21BE9B8700332104 /* Base */ = {isa = PBXFileReference; lastKnownFileType = file.storyboard; name = Base; path = Base.lproj/Main.storyboard; sourceTree = "<group>"; };
		1EC8172F21BE9B8700332104 /* Assets.xcassets */ = {isa = PBXFileReference; lastKnownFileType = folder.assetcatalog; path = Assets.xcassets; sourceTree = "<group>"; };
		1EC8173221BE9B8700332104 /* Base */ = {isa = PBXFileReference; lastKnownFileType = file.storyboard; name = Base; path = Base.lproj/LaunchScreen.storyboard; sourceTree = "<group>"; };
		1EC8173421BE9B8700332104 /* Info.plist */ = {isa = PBXFileReference; lastKnownFileType = text.plist.xml; path = Info.plist; sourceTree = "<group>"; };
		1EC8173A21BEC02C00332104 /* QuizViewController.swift */ = {isa = PBXFileReference; fileEncoding = 4; lastKnownFileType = sourcecode.swift; path = QuizViewController.swift; sourceTree = "<group>"; };
		1EC8173C21BEC05800332104 /* ResultViewController.swift */ = {isa = PBXFileReference; fileEncoding = 4; lastKnownFileType = sourcecode.swift; path = ResultViewController.swift; sourceTree = "<group>"; };
		1EC8173E21BEC33E00332104 /* Quiz.swift */ = {isa = PBXFileReference; fileEncoding = 4; lastKnownFileType = sourcecode.swift; path = Quiz.swift; sourceTree = "<group>"; };
		1EC8174021BEC37300332104 /* QuizManager.swift */ = {isa = PBXFileReference; fileEncoding = 4; lastKnownFileType = sourcecode.swift; path = QuizManager.swift; sourceTree = "<group>"; };
/* End PBXFileReference section */

/* Begin PBXFrameworksBuildPhase section */
		1EC8172221BE9B8700332104 /* Frameworks */ = {
			isa = PBXFrameworksBuildPhase;
			buildActionMask = 2147483647;
			files = (
			);
			runOnlyForDeploymentPostprocessing = 0;
		};
/* End PBXFrameworksBuildPhase section */

/* Begin PBXGroup section */
		1EC8171C21BE9B8600332104 = {
			isa = PBXGroup;
			children = (
				1EC8172721BE9B8700332104 /* SwiftQuiz */,
				1EC8172621BE9B8700332104 /* Products */,
			);
			sourceTree = "<group>";
		};
		1EC8172621BE9B8700332104 /* Products */ = {
			isa = PBXGroup;
			children = (
				1EC8172521BE9B8700332104 /* SwiftQuiz.app */,
			);
			name = Products;
			sourceTree = "<group>";
		};
		1EC8172721BE9B8700332104 /* SwiftQuiz */ = {
			isa = PBXGroup;
			children = (
				1EC8172821BE9B8700332104 /* AppDelegate.swift */,
				1EC8172A21BE9B8700332104 /* ViewController.swift */,
				1EC8172C21BE9B8700332104 /* Main.storyboard */,
				1EC8173A21BEC02C00332104 /* QuizViewController.swift */,
				1EC8172F21BE9B8700332104 /* Assets.xcassets */,
				1EC8173121BE9B8700332104 /* LaunchScreen.storyboard */,
				1EC8173421BE9B8700332104 /* Info.plist */,
				1EC8173C21BEC05800332104 /* ResultViewController.swift */,
				1EC8173E21BEC33E00332104 /* Quiz.swift */,
				1EC8174021BEC37300332104 /* QuizManager.swift */,
			);
			path = SwiftQuiz;
			sourceTree = "<group>";
		};
/* End PBXGroup section */

/* Begin PBXNativeTarget section */
		1EC8172421BE9B8700332104 /* SwiftQuiz */ = {
			isa = PBXNativeTarget;
			buildConfigurationList = 1EC8173721BE9B8700332104 /* Build configuration list for PBXNativeTarget "SwiftQuiz" */;
			buildPhases = (
				1EC8172121BE9B8700332104 /* Sources */,
				1EC8172221BE9B8700332104 /* Frameworks */,
				1EC8172321BE9B8700332104 /* Resources */,
			);
			buildRules = (
			);
			dependencies = (
			);
			name = SwiftQuiz;
			productName = SwiftQuiz;
			productReference = 1EC8172521BE9B8700332104 /* SwiftQuiz.app */;
			productType = "com.apple.product-type.application";
		};
/* End PBXNativeTarget section */

/* Begin PBXProject section */
		1EC8171D21BE9B8600332104 /* Project object */ = {
			isa = PBXProject;
			attributes = {
				LastSwiftUpdateCheck = 0800;
				LastUpgradeCheck = 0800;
				ORGANIZATIONNAME = Fourtime;
				TargetAttributes = {
					1EC8172421BE9B8700332104 = {
						CreatedOnToolsVersion = 8.0;
						ProvisioningStyle = Automatic;
					};
				};
			};
			buildConfigurationList = 1EC8172021BE9B8600332104 /* Build configuration list for PBXProject "SwiftQuiz" */;
			compatibilityVersion = "Xcode 3.2";
			developmentRegion = English;
			hasScannedForEncodings = 0;
			knownRegions = (
				en,
				Base,
			);
			mainGroup = 1EC8171C21BE9B8600332104;
			productRefGroup = 1EC8172621BE9B8700332104 /* Products */;
			projectDirPath = "";
			projectRoot = "";
			targets = (
				1EC8172421BE9B8700332104 /* SwiftQuiz */,
			);
		};
/* End PBXProject section */

/* Begin PBXResourcesBuildPhase section */
		1EC8172321BE9B8700332104 /* Resources */ = {
			isa = PBXResourcesBuildPhase;
			buildActionMask = 2147483647;
			files = (
				1EC8173321BE9B8700332104 /* LaunchScreen.storyboard in Resources */,
				1EC8173021BE9B8700332104 /* Assets.xcassets in Resources */,
				1EC8172E21BE9B8700332104 /* Main.storyboard in Resources */,
			);
			runOnlyForDeploymentPostprocessing = 0;
		};
/* End PBXResourcesBuildPhase section */

/* Begin PBXSourcesBuildPhase section */
		1EC8172121BE9B8700332104 /* Sources */ = {
			isa = PBXSourcesBuildPhase;
			buildActionMask = 2147483647;
			files = (
				1EC8173B21BEC02C00332104 /* QuizViewController.swift in Sources */,
				1EC8173F21BEC33E00332104 /* Quiz.swift in Sources */,
				1EC8172B21BE9B8700332104 /* ViewController.swift in Sources */,
				1EC8172921BE9B8700332104 /* AppDelegate.swift in Sources */,
				1EC8174121BEC37300332104 /* QuizManager.swift in Sources */,
				1EC8173D21BEC05800332104 /* ResultViewController.swift in Sources */,
			);
			runOnlyForDeploymentPostprocessing = 0;
		};
/* End PBXSourcesBuildPhase section */

/* Begin PBXVariantGroup section */
		1EC8172C21BE9B8700332104 /* Main.storyboard */ = {
			isa = PBXVariantGroup;
			children = (
				1EC8172D21BE9B8700332104 /* Base */,
			);
			name = Main.storyboard;
			sourceTree = "<group>";
		};
		1EC8173121BE9B8700332104 /* LaunchScreen.storyboard */ = {
			isa = PBXVariantGroup;
			children = (
				1EC8173221BE9B8700332104 /* Base */,
			);
			name = LaunchScreen.storyboard;
			sourceTree = "<group>";
		};
/* End PBXVariantGroup section */

/* Begin XCBuildConfiguration section */
		1EC8173521BE9B8700332104 /* Debug */ = {
			isa = XCBuildConfiguration;
			buildSettings = {
				ALWAYS_SEARCH_USER_PATHS = NO;
				CLANG_ANALYZER_NONNULL = YES;
				CLANG_CXX_LANGUAGE_STANDARD = "gnu++0x";
				CLANG_CXX_LIBRARY = "libc++";
				CLANG_ENABLE_MODULES = YES;
				CLANG_ENABLE_OBJC_ARC = YES;
				CLANG_WARN_BOOL_CONVERSION = YES;
				CLANG_WARN_CONSTANT_CONVERSION = YES;
				CLANG_WARN_DIRECT_OBJC_ISA_USAGE = YES_ERROR;
				CLANG_WARN_DOCUMENTATION_COMMENTS = YES;
				CLANG_WARN_EMPTY_BODY = YES;
				CLANG_WARN_ENUM_CONVERSION = YES;
				CLANG_WARN_INFINITE_RECURSION = YES;
				CLANG_WARN_INT_CONVERSION = YES;
				CLANG_WARN_OBJC_ROOT_CLASS = YES_ERROR;
				CLANG_WARN_SUSPICIOUS_MOVES = YES;
				CLANG_WARN_UNREACHABLE_CODE = YES;
				CLANG_WARN__DUPLICATE_METHOD_MATCH = YES;
				"CODE_SIGN_IDENTITY[sdk=iphoneos*]" = "iPhone Developer";
				COPY_PHASE_STRIP = NO;
				DEBUG_INFORMATION_FORMAT = dwarf;
				ENABLE_STRICT_OBJC_MSGSEND = YES;
				ENABLE_TESTABILITY = YES;
				GCC_C_LANGUAGE_STANDARD = gnu99;
				GCC_DYNAMIC_NO_PIC = NO;
				GCC_NO_COMMON_BLOCKS = YES;
				GCC_OPTIMIZATION_LEVEL = 0;
				GCC_PREPROCESSOR_DEFINITIONS = (
					"DEBUG=1",
					"$(inherited)",
				);
				GCC_WARN_64_TO_32_BIT_CONVERSION = YES;
				GCC_WARN_ABOUT_RETURN_TYPE = YES_ERROR;
				GCC_WARN_UNDECLARED_SELECTOR = YES;
				GCC_WARN_UNINITIALIZED_AUTOS = YES_AGGRESSIVE;
				GCC_WARN_UNUSED_FUNCTION = YES;
				GCC_WARN_UNUSED_VARIABLE = YES;
				IPHONEOS_DEPLOYMENT_TARGET = 10.0;
				MTL_ENABLE_DEBUG_INFO = YES;
				ONLY_ACTIVE_ARCH = YES;
				SDKROOT = iphoneos;
				SWIFT_ACTIVE_COMPILATION_CONDITIONS = DEBUG;
				SWIFT_OPTIMIZATION_LEVEL = "-Onone";
				TARGETED_DEVICE_FAMILY = "1,2";
			};
			name = Debug;
		};
		1EC8173621BE9B8700332104 /* Release */ = {
			isa = XCBuildConfiguration;
			buildSettings = {
				ALWAYS_SEARCH_USER_PATHS = NO;
				CLANG_ANALYZER_NONNULL = YES;
				CLANG_CXX_LANGUAGE_STANDARD = "gnu++0x";
				CLANG_CXX_LIBRARY = "libc++";
				CLANG_ENABLE_MODULES = YES;
				CLANG_ENABLE_OBJC_ARC = YES;
				CLANG_WARN_BOOL_CONVERSION = YES;
				CLANG_WARN_CONSTANT_CONVERSION = YES;
				CLANG_WARN_DIRECT_OBJC_ISA_USAGE = YES_ERROR;
				CLANG_WARN_DOCUMENTATION_COMMENTS = YES;
				CLANG_WARN_EMPTY_BODY = YES;
				CLANG_WARN_ENUM_CONVERSION = YES;
				CLANG_WARN_INFINITE_RECURSION = YES;
				CLANG_WARN_INT_CONVERSION = YES;
				CLANG_WARN_OBJC_ROOT_CLASS = YES_ERROR;
				CLANG_WARN_SUSPICIOUS_MOVES = YES;
				CLANG_WARN_UNREACHABLE_CODE = YES;
				CLANG_WARN__DUPLICATE_METHOD_MATCH = YES;
				"CODE_SIGN_IDENTITY[sdk=iphoneos*]" = "iPhone Developer";
				COPY_PHASE_STRIP = NO;
				DEBUG_INFORMATION_FORMAT = "dwarf-with-dsym";
				ENABLE_NS_ASSERTIONS = NO;
				ENABLE_STRICT_OBJC_MSGSEND = YES;
				GCC_C_LANGUAGE_STANDARD = gnu99;
				GCC_NO_COMMON_BLOCKS = YES;
				GCC_WARN_64_TO_32_BIT_CONVERSION = YES;
				GCC_WARN_ABOUT_RETURN_TYPE = YES_ERROR;
				GCC_WARN_UNDECLARED_SELECTOR = YES;
				GCC_WARN_UNINITIALIZED_AUTOS = YES_AGGRESSIVE;
				GCC_WARN_UNUSED_FUNCTION = YES;
				GCC_WARN_UNUSED_VARIABLE = YES;
				IPHONEOS_DEPLOYMENT_TARGET = 10.0;
				MTL_ENABLE_DEBUG_INFO = NO;
				SDKROOT = iphoneos;
				SWIFT_OPTIMIZATION_LEVEL = "-Owholemodule";
				TARGETED_DEVICE_FAMILY = "1,2";
				VALIDATE_PRODUCT = YES;
			};
			name = Release;
		};
		1EC8173821BE9B8700332104 /* Debug */ = {
			isa = XCBuildConfiguration;
			buildSettings = {
				ASSETCATALOG_COMPILER_APPICON_NAME = AppIcon;
				INFOPLIST_FILE = SwiftQuiz/Info.plist;
				LD_RUNPATH_SEARCH_PATHS = "$(inherited) @executable_path/Frameworks";
				PRODUCT_BUNDLE_IDENTIFIER = FT.SwiftQuiz;
				PRODUCT_NAME = "$(TARGET_NAME)";
				SWIFT_VERSION = 3.0;
				TARGETED_DEVICE_FAMILY = 1;
			};
			name = Debug;
		};
		1EC8173921BE9B8700332104 /* Release */ = {
			isa = XCBuildConfiguration;
			buildSettings = {
				ASSETCATALOG_COMPILER_APPICON_NAME = AppIcon;
				INFOPLIST_FILE = SwiftQuiz/Info.plist;
				LD_RUNPATH_SEARCH_PATHS = "$(inherited) @executable_path/Frameworks";
				PRODUCT_BUNDLE_IDENTIFIER = FT.SwiftQuiz;
				PRODUCT_NAME = "$(TARGET_NAME)";
				SWIFT_VERSION = 3.0;
				TARGETED_DEVICE_FAMILY = 1;
			};
			name = Release;
		};
/* End XCBuildConfiguration section */

/* Begin XCConfigurationList section */
		1EC8172021BE9B8600332104 /* Build configuration list for PBXProject "SwiftQuiz" */ = {
			isa = XCConfigurationList;
			buildConfigurations = (
				1EC8173521BE9B8700332104 /* Debug */,
				1EC8173621BE9B8700332104 /* Release */,
			);
			defaultConfigurationIsVisible = 0;
			defaultConfigurationName = Release;
		};
		1EC8173721BE9B8700332104 /* Build configuration list for PBXNativeTarget "SwiftQuiz" */ = {
			isa = XCConfigurationList;
			buildConfigurations = (
				1EC8173821BE9B8700332104 /* Debug */,
				1EC8173921BE9B8700332104 /* Release */,
			);
			defaultConfigurationIsVisible = 0;
		};
/* End XCConfigurationList section */
	};
	rootObject = 1EC8171D21BE9B8600332104 /* Project object */;
}
